
Microsoft Visual Studio Solution File, Format Version 12.00
# Visual Studio Version 17
VisualStudioVersion = 17.0.31903.59
MinimumVisualStudioVersion = 10.0.40219.1
Project("{FAE04EC0-301F-11D3-BF4B-00C04F79EFBC}") = "MouseAimFlight", "MouseAimFlight\MouseAimFlight.csproj", "{D2DAA7FD-486F-438F-ACDF-9EEC00F3B2F6}"
EndProject
Project("{2150E333-8FDC-42A3-9474-1A3956D46DE8}") = "Solution Items", "Solution Items", "{599DFCCE-5B58-47ED-9A31-FA247ECC70AC}"
	ProjectSection(SolutionItems) = preProject
		deploy.bat = deploy.bat
		LICENSE = LICENSE
		README = README
	EndProjectSection
EndProject
Global
	GlobalSection(SolutionConfigurationPlatforms) = preSolution
		Debug|Any CPU = Debug|Any CPU
		Release|Any CPU = Release|Any CPU
	EndGlobalSection
	GlobalSection(ProjectConfigurationPlatforms) = postSolution
		{D2DAA7FD-486F-438F-ACDF-9EEC00F3B2F6}.Debug|Any CPU.ActiveCfg = Debug|Any CPU
		{D2DAA7FD-486F-438F-ACDF-9EEC00F3B2F6}.Debug|Any CPU.Build.0 = Debug|Any CPU
		{D2DAA7FD-486F-438F-ACDF-9EEC00F3B2F6}.Release|Any CPU.ActiveCfg = Release|Any CPU
		{D2DAA7FD-486F-438F-ACDF-9EEC00F3B2F6}.Release|Any CPU.Build.0 = Release|Any CPU
	EndGlobalSection
	GlobalSection(SolutionProperties) = preSolution
		HideSolutionNode = FALSE
	EndGlobalSection
	GlobalSection(ExtensibilityGlobals) = postSolution
		SolutionGuid = {472DF531-D795-4315-849D-1A23EF2E8F5F}
	EndGlobalSection
EndGlobal
